
Microsoft Visual Studio Solution File, Format Version 12.00
# Visual Studio Express 2013 for Windows Desktop
VisualStudioVersion = 12.0.30723.0
MinimumVisualStudioVersion = 10.0.40219.1
Project("{FAE04EC0-301F-11D3-BF4B-00C04F79EFBC}") = "TicTacToeGUI", "TicTacToe\TicTacToeGUI.csproj", "{0955AE3B-BEA4-48A6-AA95-937C95C10EF4}"
EndProject
Project("{FAE04EC0-301F-11D3-BF4B-00C04F79EFBC}") = "TicControls", "TicControls\TicControls.csproj", "{B67FAFD5-25D7-4DEB-BDB8-005A5D8A3DA5}"
EndProject
Project("{FAE04EC0-301F-11D3-BF4B-00C04F79EFBC}") = "TicTacToeGame", "TicTacToeGame\TicTacToeGame.csproj", "{49D839F4-2220-4130-952E-1C01E93E9130}"
EndProject
Project("{FAE04EC0-301F-11D3-BF4B-00C04F79EFBC}") = "UsefulStaticMethods", "..\ArtieApp\UsefulStaticMethods\UsefulStaticMethods.csproj", "{AA0403E4-72C0-4570-85F6-0E0840F269CE}"
EndProject
Global
	GlobalSection(TeamFoundationVersionControl) = preSolution
		SccNumberOfProjects = 1
		SccEnterpriseProvider = {4CA58AB2-18FA-4F8D-95D4-32DDF27D184C}
		SccTeamFoundationServer = https://strangesoftware.visualstudio.com/defaultcollection
		SccProjectUniqueName0 = ..\\ArtieApp\\UsefulStaticMethods\\UsefulStaticMethods.csproj
		SccProjectName0 = $/ArtieApp/ArtieApp/UsefulStaticMethods
		SccAuxPath0 = https://strangesoftware.visualstudio.com/defaultcollection
		SccLocalPath0 = ..\\ArtieApp\\UsefulStaticMethods
		SccProvider0 = {4CA58AB2-18FA-4F8D-95D4-32DDF27D184C}
	EndGlobalSection
	GlobalSection(SolutionConfigurationPlatforms) = preSolution
		Debug|Any CPU = Debug|Any CPU
		Release|Any CPU = Release|Any CPU
	EndGlobalSection
	GlobalSection(ProjectConfigurationPlatforms) = postSolution
		{0955AE3B-BEA4-48A6-AA95-937C95C10EF4}.Debug|Any CPU.ActiveCfg = Debug|Any CPU
		{0955AE3B-BEA4-48A6-AA95-937C95C10EF4}.Debug|Any CPU.Build.0 = Debug|Any CPU
		{0955AE3B-BEA4-48A6-AA95-937C95C10EF4}.Release|Any CPU.ActiveCfg = Release|Any CPU
		{0955AE3B-BEA4-48A6-AA95-937C95C10EF4}.Release|Any CPU.Build.0 = Release|Any CPU
		{B67FAFD5-25D7-4DEB-BDB8-005A5D8A3DA5}.Debug|Any CPU.ActiveCfg = Debug|Any CPU
		{B67FAFD5-25D7-4DEB-BDB8-005A5D8A3DA5}.Debug|Any CPU.Build.0 = Debug|Any CPU
		{B67FAFD5-25D7-4DEB-BDB8-005A5D8A3DA5}.Release|Any CPU.ActiveCfg = Release|Any CPU
		{B67FAFD5-25D7-4DEB-BDB8-005A5D8A3DA5}.Release|Any CPU.Build.0 = Release|Any CPU
		{49D839F4-2220-4130-952E-1C01E93E9130}.Debug|Any CPU.ActiveCfg = Debug|Any CPU
		{49D839F4-2220-4130-952E-1C01E93E9130}.Debug|Any CPU.Build.0 = Debug|Any CPU
		{49D839F4-2220-4130-952E-1C01E93E9130}.Release|Any CPU.ActiveCfg = Release|Any CPU
		{49D839F4-2220-4130-952E-1C01E93E9130}.Release|Any CPU.Build.0 = Release|Any CPU
		{AA0403E4-72C0-4570-85F6-0E0840F269CE}.Debug|Any CPU.ActiveCfg = Debug|Any CPU
		{AA0403E4-72C0-4570-85F6-0E0840F269CE}.Debug|Any CPU.Build.0 = Debug|Any CPU
		{AA0403E4-72C0-4570-85F6-0E0840F269CE}.Release|Any CPU.ActiveCfg = Release|Any CPU
		{AA0403E4-72C0-4570-85F6-0E0840F269CE}.Release|Any CPU.Build.0 = Release|Any CPU
	EndGlobalSection
	GlobalSection(SolutionProperties) = preSolution
		HideSolutionNode = FALSE
	EndGlobalSection
EndGlobal
